
Microsoft Visual Studio Solution File, Format Version 12.00
# Visual Studio Version 16
VisualStudioVersion = 16.0.34729.46
MinimumVisualStudioVersion = 10.0.40219.1
Project("{FAE04EC0-301F-11D3-BF4B-00C04F79EFBC}") = "Variables", "CS Junior Home Work\Variables.csproj", "{C7409CFF-A12E-44C2-9B6C-972EB96EE783}"
EndProject
Project("{2150E333-8FDC-42A3-9474-1A3956D46DE8}") = "Programming basics", "Programming basics", "{02EB8CC8-2B3E-4BCF-82DA-B928A3397831}"
EndProject
Project("{FAE04EC0-301F-11D3-BF4B-00C04F79EFBC}") = "Pictures", "Pictures\Pictures.csproj", "{2E9110C3-D695-4AEA-B998-96B1F277A62C}"
EndProject
Project("{FAE04EC0-301F-11D3-BF4B-00C04F79EFBC}") = "Permutation of values", "Permutation of values\Permutation of values.csproj", "{B85F86D3-7B46-4925-B9BA-FAF6E4AC14CE}"
EndProject
Project("{FAE04EC0-301F-11D3-BF4B-00C04F79EFBC}") = "Crystal shop", "Crystal shop\Crystal shop.csproj", "{5F0A7947-E2AE-43E4-8CE4-CC2D117D4CA3}"
EndProject
Project("{FAE04EC0-301F-11D3-BF4B-00C04F79EFBC}") = "Polyclinic", "Polyclinic\Polyclinic.csproj", "{A3A360BB-83DC-4925-9A98-922976F4C0E0}"
EndProject
Project("{2150E333-8FDC-42A3-9474-1A3956D46DE8}") = "Conditional statements and loops", "Conditional statements and loops", "{FE874323-3F35-4A15-B8F2-C1B88098747D}"
EndProject
Project("{FAE04EC0-301F-11D3-BF4B-00C04F79EFBC}") = "Mastering Cycles", "Mastering Cycles\Mastering Cycles.csproj", "{D47752BF-9643-482F-8AAE-770B101B5017}"
EndProject
Project("{FAE04EC0-301F-11D3-BF4B-00C04F79EFBC}") = "Exit control", "Exit control\Exit control.csproj", "{286DD293-15AD-4A66-82BA-EE6351BEB11C}"
EndProject
Project("{FAE04EC0-301F-11D3-BF4B-00C04F79EFBC}") = "Sequence", "Sequence\Sequence.csproj", "{747C17B5-393B-4283-9F45-F1B312B41ABD}"
EndProject
Project("{FAE04EC0-301F-11D3-BF4B-00C04F79EFBC}") = "Sum of numbers", "Sum of numbers\Sum of numbers.csproj", "{7CECD41C-AD9B-4DD1-8423-FA89F9E1D2DA}"
EndProject
Project("{FAE04EC0-301F-11D3-BF4B-00C04F79EFBC}") = "Console menu", "Console menu\Console menu.csproj", "{985F6ECC-C972-47DF-8BC3-FF7AC61A6C99}"
EndProject
Project("{FAE04EC0-301F-11D3-BF4B-00C04F79EFBC}") = "Сurrency converter", "Сurrency converter\Сurrency converter.csproj", "{44298A07-7584-4BDC-93B4-34543F180A16}"
EndProject
Project("{FAE04EC0-301F-11D3-BF4B-00C04F79EFBC}") = "Multiples", "ConsoleApp2\Multiples.csproj", "{93ACF2E5-909E-4F20-B4EB-E080DFB75A8C}"
EndProject
Project("{FAE04EC0-301F-11D3-BF4B-00C04F79EFBC}") = "The program is password protected", "The program is password protected\The program is password protected.csproj", "{403B6997-0144-43A7-8FE0-7EC5F911FDE7}"
EndProject
Project("{FAE04EC0-301F-11D3-BF4B-00C04F79EFBC}") = "power of two", "power of two\power of two.csproj", "{90B0BD19-A426-48BB-826F-5C277C2914CB}"
EndProject
Project("{FAE04EC0-301F-11D3-BF4B-00C04F79EFBC}") = "boss fight", "boss fight\boss fight.csproj", "{2F57E678-10F1-473C-969E-E7CE08E49C0C}"
EndProject
Project("{FAE04EC0-301F-11D3-BF4B-00C04F79EFBC}") = "Working with rows columns", "Working with rows columns\Working with rows columns.csproj", "{D9B7F77F-5E9D-4D06-8397-2B8F8AEA3B90}"
EndProject
Project("{FAE04EC0-301F-11D3-BF4B-00C04F79EFBC}") = "Maximum element", "Maximum element\Maximum element.csproj", "{C8E7CF4A-D49E-42C1-8083-E7C983A2041B}"
EndProject
Project("{FAE04EC0-301F-11D3-BF4B-00C04F79EFBC}") = "Local maxima", "Local maxima\Local maxima.csproj", "{A15FB283-21FC-4D07-B057-6F2C5F90280E}"
EndProject
Project("{FAE04EC0-301F-11D3-BF4B-00C04F79EFBC}") = "Dynamic array", "Dynamic array\Dynamic array.csproj", "{0C1E4861-7361-48D4-8954-11E351AC2969}"
EndProject
Project("{FAE04EC0-301F-11D3-BF4B-00C04F79EFBC}") = "Sorting numbers", "Sorting numbers\Sorting numbers.csproj", "{7B1BEB7E-7254-4031-B4CF-8A092EF3F0A9}"
EndProject
Project("{FAE04EC0-301F-11D3-BF4B-00C04F79EFBC}") = "Split", "Split\Split.csproj", "{37768628-80AB-432A-8FC8-064AD81B2BA4}"
EndProject
Project("{FAE04EC0-301F-11D3-BF4B-00C04F79EFBC}") = "Shifting array values", "Shifting array values\Shifting array values.csproj", "{07DBD77C-3021-4CCC-9BA9-1A883FCAACC4}"
EndProject
Project("{FAE04EC0-301F-11D3-BF4B-00C04F79EFBC}") = "Bracket expression", "Bracket expression\Bracket expression.csproj", "{0D7C86CB-0F90-4A97-B5B7-36FFC62F6BA5}"
EndProject
Project("{FAE04EC0-301F-11D3-BF4B-00C04F79EFBC}") = "SubarrayOfRepeatingNumbers", "SubarrayOfRepeatingNumbersV2\SubarrayOfRepeatingNumbers.csproj", "{5B5D81D6-92A7-49F3-B5D9-B5026A630C67}"
EndProject
Project("{2150E333-8FDC-42A3-9474-1A3956D46DE8}") = "Arrays", "Arrays", "{2B258483-2D80-4962-9866-A33A3616E244}"
	ProjectSection(SolutionItems) = preProject
		table of contents.txt = table of contents.txt
	EndProjectSection
EndProject
Project("{FAE04EC0-301F-11D3-BF4B-00C04F79EFBC}") = "Working with strings", "Test\ConsoleApp1\Working with strings.csproj", "{29793D33-4322-4C9B-89EF-F12CAC71E344}"
EndProject
Project("{2150E333-8FDC-42A3-9474-1A3956D46DE8}") = "Сollections", "Сollections", "{4AC3728D-058F-4C85-B9A3-5D185FF48F4C}"
	ProjectSection(SolutionItems) = preProject
		Collections - table of contents.txt = Collections - table of contents.txt
	EndProjectSection
EndProject
Project("{FAE04EC0-301F-11D3-BF4B-00C04F79EFBC}") = "Explanatory Dictionary", "Сollections\Explanatory Dictionary\Explanatory Dictionary.csproj", "{28E17E86-4404-4B93-9E51-24495E12EE97}"
EndProject
Project("{FAE04EC0-301F-11D3-BF4B-00C04F79EFBC}") = "Queue in a Store", "Сollections\Queue in a Store\Queue in a Store.csproj", "{40960AF9-CD8C-498A-9617-EB2E60139A56}"
EndProject
Project("{FAE04EC0-301F-11D3-BF4B-00C04F79EFBC}") = "Dynamic Array Advanced", "Сollections\Dynamic Array Advanced\Dynamic Array Advanced.csproj", "{5617A2B7-C42F-4CF7-B5B2-35DA5C5F6947}"
EndProject
Project("{FAE04EC0-301F-11D3-BF4B-00C04F79EFBC}") = "Personnel Records Advanced", "Сollections\Personnel Records Advanced\Personnel Records Advanced.csproj", "{C27AA7D4-D89D-472E-BBB0-363CE56C7DE6}"
EndProject
Project("{FAE04EC0-301F-11D3-BF4B-00C04F79EFBC}") = "Combination into One Collection", "Сollections\Combination into One Collection\Combination into One Collection.csproj", "{D760A129-BF6D-4F13-977A-56969E99D5AA}"
EndProject
Project("{2150E333-8FDC-42A3-9474-1A3956D46DE8}") = "Functions", "Functions", "{5B1595D5-758D-4B0A-A676-7407A6D5946B}"
	ProjectSection(SolutionItems) = preProject
		TextFile1.txt = TextFile1.txt
	EndProjectSection
EndProject
Project("{FAE04EC0-301F-11D3-BF4B-00C04F79EFBC}") = "ReadInt", "Functions\ReadInt\ReadInt.csproj", "{8BACFEBC-33A1-47FF-9BB6-518E8BF0D954}"
EndProject
Project("{FAE04EC0-301F-11D3-BF4B-00C04F79EFBC}") = "UIElement", "Functions\UIElement\UIElement.csproj", "{7B9C59FF-7107-48A8-A382-645A8D348095}"
EndProject
Project("{FAE04EC0-301F-11D3-BF4B-00C04F79EFBC}") = "Kansas City Shuffle", "Functions\Kansas City Shuffle\Kansas City Shuffle.csproj", "{E3E25547-6EA3-4675-8316-311337837E07}"
EndProject
Project("{FAE04EC0-301F-11D3-BF4B-00C04F79EFBC}") = "Personnel Records", "Functions\Personnel Records\Personnel Records.csproj", "{0F2B240F-2DC0-41C1-88BB-C5A9118A310B}"
EndProject
Project("{FAE04EC0-301F-11D3-BF4B-00C04F79EFBC}") = "Brave new world", "Functions\Brave new world\Brave new world.csproj", "{D4FD6D6A-FF78-4AC7-A3BC-756A1CCACEC9}"
EndProject
Project("{2150E333-8FDC-42A3-9474-1A3956D46DE8}") = "OOP", "OOP", "{F9E96028-0312-4358-B48B-2A8AE3ABDCE2}"
	ProjectSection(SolutionItems) = preProject
		OOP - table of contents.txt = OOP - table of contents.txt
	EndProjectSection
EndProject
Project("{FAE04EC0-301F-11D3-BF4B-00C04F79EFBC}") = "1_Working with classes", "OOP\1_Working with classes\1_Working with classes.csproj", "{5848DBD7-79CA-4D81-91C4-814E23D66855}"
EndProject
Project("{FAE04EC0-301F-11D3-BF4B-00C04F79EFBC}") = "2_Working with properties", "OOP\2_Working with properties\2_Working with properties.csproj", "{0F2BDA7C-68D3-4A8C-B018-2319D6CA5E65}"
EndProject
Project("{FAE04EC0-301F-11D3-BF4B-00C04F79EFBC}") = "3_Player database", "3_Player database\3_Player database.csproj", "{1C58D291-8D36-43C3-89DA-A2A6AA1D2218}"
EndProject
Global
	GlobalSection(SolutionConfigurationPlatforms) = preSolution
		Debug|Any CPU = Debug|Any CPU
		Release|Any CPU = Release|Any CPU
	EndGlobalSection
	GlobalSection(ProjectConfigurationPlatforms) = postSolution
		{C7409CFF-A12E-44C2-9B6C-972EB96EE783}.Debug|Any CPU.ActiveCfg = Debug|Any CPU
		{C7409CFF-A12E-44C2-9B6C-972EB96EE783}.Debug|Any CPU.Build.0 = Debug|Any CPU
		{C7409CFF-A12E-44C2-9B6C-972EB96EE783}.Release|Any CPU.ActiveCfg = Release|Any CPU
		{C7409CFF-A12E-44C2-9B6C-972EB96EE783}.Release|Any CPU.Build.0 = Release|Any CPU
		{2E9110C3-D695-4AEA-B998-96B1F277A62C}.Debug|Any CPU.ActiveCfg = Debug|Any CPU
		{2E9110C3-D695-4AEA-B998-96B1F277A62C}.Debug|Any CPU.Build.0 = Debug|Any CPU
		{2E9110C3-D695-4AEA-B998-96B1F277A62C}.Release|Any CPU.ActiveCfg = Release|Any CPU
		{2E9110C3-D695-4AEA-B998-96B1F277A62C}.Release|Any CPU.Build.0 = Release|Any CPU
		{B85F86D3-7B46-4925-B9BA-FAF6E4AC14CE}.Debug|Any CPU.ActiveCfg = Debug|Any CPU
		{B85F86D3-7B46-4925-B9BA-FAF6E4AC14CE}.Debug|Any CPU.Build.0 = Debug|Any CPU
		{B85F86D3-7B46-4925-B9BA-FAF6E4AC14CE}.Release|Any CPU.ActiveCfg = Release|Any CPU
		{B85F86D3-7B46-4925-B9BA-FAF6E4AC14CE}.Release|Any CPU.Build.0 = Release|Any CPU
		{5F0A7947-E2AE-43E4-8CE4-CC2D117D4CA3}.Debug|Any CPU.ActiveCfg = Debug|Any CPU
		{5F0A7947-E2AE-43E4-8CE4-CC2D117D4CA3}.Debug|Any CPU.Build.0 = Debug|Any CPU
		{5F0A7947-E2AE-43E4-8CE4-CC2D117D4CA3}.Release|Any CPU.ActiveCfg = Release|Any CPU
		{5F0A7947-E2AE-43E4-8CE4-CC2D117D4CA3}.Release|Any CPU.Build.0 = Release|Any CPU
		{A3A360BB-83DC-4925-9A98-922976F4C0E0}.Debug|Any CPU.ActiveCfg = Debug|Any CPU
		{A3A360BB-83DC-4925-9A98-922976F4C0E0}.Debug|Any CPU.Build.0 = Debug|Any CPU
		{A3A360BB-83DC-4925-9A98-922976F4C0E0}.Release|Any CPU.ActiveCfg = Release|Any CPU
		{A3A360BB-83DC-4925-9A98-922976F4C0E0}.Release|Any CPU.Build.0 = Release|Any CPU
		{D47752BF-9643-482F-8AAE-770B101B5017}.Debug|Any CPU.ActiveCfg = Debug|Any CPU
		{D47752BF-9643-482F-8AAE-770B101B5017}.Debug|Any CPU.Build.0 = Debug|Any CPU
		{D47752BF-9643-482F-8AAE-770B101B5017}.Release|Any CPU.ActiveCfg = Release|Any CPU
		{D47752BF-9643-482F-8AAE-770B101B5017}.Release|Any CPU.Build.0 = Release|Any CPU
		{286DD293-15AD-4A66-82BA-EE6351BEB11C}.Debug|Any CPU.ActiveCfg = Debug|Any CPU
		{286DD293-15AD-4A66-82BA-EE6351BEB11C}.Debug|Any CPU.Build.0 = Debug|Any CPU
		{286DD293-15AD-4A66-82BA-EE6351BEB11C}.Release|Any CPU.ActiveCfg = Release|Any CPU
		{286DD293-15AD-4A66-82BA-EE6351BEB11C}.Release|Any CPU.Build.0 = Release|Any CPU
		{747C17B5-393B-4283-9F45-F1B312B41ABD}.Debug|Any CPU.ActiveCfg = Debug|Any CPU
		{747C17B5-393B-4283-9F45-F1B312B41ABD}.Debug|Any CPU.Build.0 = Debug|Any CPU
		{747C17B5-393B-4283-9F45-F1B312B41ABD}.Release|Any CPU.ActiveCfg = Release|Any CPU
		{747C17B5-393B-4283-9F45-F1B312B41ABD}.Release|Any CPU.Build.0 = Release|Any CPU
		{7CECD41C-AD9B-4DD1-8423-FA89F9E1D2DA}.Debug|Any CPU.ActiveCfg = Debug|Any CPU
		{7CECD41C-AD9B-4DD1-8423-FA89F9E1D2DA}.Debug|Any CPU.Build.0 = Debug|Any CPU
		{7CECD41C-AD9B-4DD1-8423-FA89F9E1D2DA}.Release|Any CPU.ActiveCfg = Release|Any CPU
		{7CECD41C-AD9B-4DD1-8423-FA89F9E1D2DA}.Release|Any CPU.Build.0 = Release|Any CPU
		{985F6ECC-C972-47DF-8BC3-FF7AC61A6C99}.Debug|Any CPU.ActiveCfg = Debug|Any CPU
		{985F6ECC-C972-47DF-8BC3-FF7AC61A6C99}.Debug|Any CPU.Build.0 = Debug|Any CPU
		{985F6ECC-C972-47DF-8BC3-FF7AC61A6C99}.Release|Any CPU.ActiveCfg = Release|Any CPU
		{985F6ECC-C972-47DF-8BC3-FF7AC61A6C99}.Release|Any CPU.Build.0 = Release|Any CPU
		{44298A07-7584-4BDC-93B4-34543F180A16}.Debug|Any CPU.ActiveCfg = Debug|Any CPU
		{44298A07-7584-4BDC-93B4-34543F180A16}.Debug|Any CPU.Build.0 = Debug|Any CPU
		{44298A07-7584-4BDC-93B4-34543F180A16}.Release|Any CPU.ActiveCfg = Release|Any CPU
		{44298A07-7584-4BDC-93B4-34543F180A16}.Release|Any CPU.Build.0 = Release|Any CPU
		{93ACF2E5-909E-4F20-B4EB-E080DFB75A8C}.Debug|Any CPU.ActiveCfg = Debug|Any CPU
		{93ACF2E5-909E-4F20-B4EB-E080DFB75A8C}.Debug|Any CPU.Build.0 = Debug|Any CPU
		{93ACF2E5-909E-4F20-B4EB-E080DFB75A8C}.Release|Any CPU.ActiveCfg = Release|Any CPU
		{93ACF2E5-909E-4F20-B4EB-E080DFB75A8C}.Release|Any CPU.Build.0 = Release|Any CPU
		{403B6997-0144-43A7-8FE0-7EC5F911FDE7}.Debug|Any CPU.ActiveCfg = Debug|Any CPU
		{403B6997-0144-43A7-8FE0-7EC5F911FDE7}.Debug|Any CPU.Build.0 = Debug|Any CPU
		{403B6997-0144-43A7-8FE0-7EC5F911FDE7}.Release|Any CPU.ActiveCfg = Release|Any CPU
		{403B6997-0144-43A7-8FE0-7EC5F911FDE7}.Release|Any CPU.Build.0 = Release|Any CPU
		{90B0BD19-A426-48BB-826F-5C277C2914CB}.Debug|Any CPU.ActiveCfg = Debug|Any CPU
		{90B0BD19-A426-48BB-826F-5C277C2914CB}.Debug|Any CPU.Build.0 = Debug|Any CPU
		{90B0BD19-A426-48BB-826F-5C277C2914CB}.Release|Any CPU.ActiveCfg = Release|Any CPU
		{90B0BD19-A426-48BB-826F-5C277C2914CB}.Release|Any CPU.Build.0 = Release|Any CPU
		{2F57E678-10F1-473C-969E-E7CE08E49C0C}.Debug|Any CPU.ActiveCfg = Debug|Any CPU
		{2F57E678-10F1-473C-969E-E7CE08E49C0C}.Debug|Any CPU.Build.0 = Debug|Any CPU
		{2F57E678-10F1-473C-969E-E7CE08E49C0C}.Release|Any CPU.ActiveCfg = Release|Any CPU
		{2F57E678-10F1-473C-969E-E7CE08E49C0C}.Release|Any CPU.Build.0 = Release|Any CPU
		{D9B7F77F-5E9D-4D06-8397-2B8F8AEA3B90}.Debug|Any CPU.ActiveCfg = Debug|Any CPU
		{D9B7F77F-5E9D-4D06-8397-2B8F8AEA3B90}.Debug|Any CPU.Build.0 = Debug|Any CPU
		{D9B7F77F-5E9D-4D06-8397-2B8F8AEA3B90}.Release|Any CPU.ActiveCfg = Release|Any CPU
		{D9B7F77F-5E9D-4D06-8397-2B8F8AEA3B90}.Release|Any CPU.Build.0 = Release|Any CPU
		{C8E7CF4A-D49E-42C1-8083-E7C983A2041B}.Debug|Any CPU.ActiveCfg = Debug|Any CPU
		{C8E7CF4A-D49E-42C1-8083-E7C983A2041B}.Debug|Any CPU.Build.0 = Debug|Any CPU
		{C8E7CF4A-D49E-42C1-8083-E7C983A2041B}.Release|Any CPU.ActiveCfg = Release|Any CPU
		{C8E7CF4A-D49E-42C1-8083-E7C983A2041B}.Release|Any CPU.Build.0 = Release|Any CPU
		{A15FB283-21FC-4D07-B057-6F2C5F90280E}.Debug|Any CPU.ActiveCfg = Debug|Any CPU
		{A15FB283-21FC-4D07-B057-6F2C5F90280E}.Debug|Any CPU.Build.0 = Debug|Any CPU
		{A15FB283-21FC-4D07-B057-6F2C5F90280E}.Release|Any CPU.ActiveCfg = Release|Any CPU
		{A15FB283-21FC-4D07-B057-6F2C5F90280E}.Release|Any CPU.Build.0 = Release|Any CPU
		{0C1E4861-7361-48D4-8954-11E351AC2969}.Debug|Any CPU.ActiveCfg = Debug|Any CPU
		{0C1E4861-7361-48D4-8954-11E351AC2969}.Debug|Any CPU.Build.0 = Debug|Any CPU
		{0C1E4861-7361-48D4-8954-11E351AC2969}.Release|Any CPU.ActiveCfg = Release|Any CPU
		{0C1E4861-7361-48D4-8954-11E351AC2969}.Release|Any CPU.Build.0 = Release|Any CPU
		{7B1BEB7E-7254-4031-B4CF-8A092EF3F0A9}.Debug|Any CPU.ActiveCfg = Debug|Any CPU
		{7B1BEB7E-7254-4031-B4CF-8A092EF3F0A9}.Debug|Any CPU.Build.0 = Debug|Any CPU
		{7B1BEB7E-7254-4031-B4CF-8A092EF3F0A9}.Release|Any CPU.ActiveCfg = Release|Any CPU
		{7B1BEB7E-7254-4031-B4CF-8A092EF3F0A9}.Release|Any CPU.Build.0 = Release|Any CPU
		{37768628-80AB-432A-8FC8-064AD81B2BA4}.Debug|Any CPU.ActiveCfg = Debug|Any CPU
		{37768628-80AB-432A-8FC8-064AD81B2BA4}.Debug|Any CPU.Build.0 = Debug|Any CPU
		{37768628-80AB-432A-8FC8-064AD81B2BA4}.Release|Any CPU.ActiveCfg = Release|Any CPU
		{37768628-80AB-432A-8FC8-064AD81B2BA4}.Release|Any CPU.Build.0 = Release|Any CPU
		{07DBD77C-3021-4CCC-9BA9-1A883FCAACC4}.Debug|Any CPU.ActiveCfg = Debug|Any CPU
		{07DBD77C-3021-4CCC-9BA9-1A883FCAACC4}.Debug|Any CPU.Build.0 = Debug|Any CPU
		{07DBD77C-3021-4CCC-9BA9-1A883FCAACC4}.Release|Any CPU.ActiveCfg = Release|Any CPU
		{07DBD77C-3021-4CCC-9BA9-1A883FCAACC4}.Release|Any CPU.Build.0 = Release|Any CPU
		{0D7C86CB-0F90-4A97-B5B7-36FFC62F6BA5}.Debug|Any CPU.ActiveCfg = Debug|Any CPU
		{0D7C86CB-0F90-4A97-B5B7-36FFC62F6BA5}.Debug|Any CPU.Build.0 = Debug|Any CPU
		{0D7C86CB-0F90-4A97-B5B7-36FFC62F6BA5}.Release|Any CPU.ActiveCfg = Release|Any CPU
		{0D7C86CB-0F90-4A97-B5B7-36FFC62F6BA5}.Release|Any CPU.Build.0 = Release|Any CPU
		{5B5D81D6-92A7-49F3-B5D9-B5026A630C67}.Debug|Any CPU.ActiveCfg = Debug|Any CPU
		{5B5D81D6-92A7-49F3-B5D9-B5026A630C67}.Debug|Any CPU.Build.0 = Debug|Any CPU
		{5B5D81D6-92A7-49F3-B5D9-B5026A630C67}.Release|Any CPU.ActiveCfg = Release|Any CPU
		{5B5D81D6-92A7-49F3-B5D9-B5026A630C67}.Release|Any CPU.Build.0 = Release|Any CPU
		{29793D33-4322-4C9B-89EF-F12CAC71E344}.Debug|Any CPU.ActiveCfg = Debug|Any CPU
		{29793D33-4322-4C9B-89EF-F12CAC71E344}.Debug|Any CPU.Build.0 = Debug|Any CPU
		{29793D33-4322-4C9B-89EF-F12CAC71E344}.Release|Any CPU.ActiveCfg = Release|Any CPU
		{29793D33-4322-4C9B-89EF-F12CAC71E344}.Release|Any CPU.Build.0 = Release|Any CPU
		{28E17E86-4404-4B93-9E51-24495E12EE97}.Debug|Any CPU.ActiveCfg = Debug|Any CPU
		{28E17E86-4404-4B93-9E51-24495E12EE97}.Debug|Any CPU.Build.0 = Debug|Any CPU
		{28E17E86-4404-4B93-9E51-24495E12EE97}.Release|Any CPU.ActiveCfg = Release|Any CPU
		{28E17E86-4404-4B93-9E51-24495E12EE97}.Release|Any CPU.Build.0 = Release|Any CPU
		{40960AF9-CD8C-498A-9617-EB2E60139A56}.Debug|Any CPU.ActiveCfg = Debug|Any CPU
		{40960AF9-CD8C-498A-9617-EB2E60139A56}.Debug|Any CPU.Build.0 = Debug|Any CPU
		{40960AF9-CD8C-498A-9617-EB2E60139A56}.Release|Any CPU.ActiveCfg = Release|Any CPU
		{40960AF9-CD8C-498A-9617-EB2E60139A56}.Release|Any CPU.Build.0 = Release|Any CPU
		{5617A2B7-C42F-4CF7-B5B2-35DA5C5F6947}.Debug|Any CPU.ActiveCfg = Debug|Any CPU
		{5617A2B7-C42F-4CF7-B5B2-35DA5C5F6947}.Debug|Any CPU.Build.0 = Debug|Any CPU
		{5617A2B7-C42F-4CF7-B5B2-35DA5C5F6947}.Release|Any CPU.ActiveCfg = Release|Any CPU
		{5617A2B7-C42F-4CF7-B5B2-35DA5C5F6947}.Release|Any CPU.Build.0 = Release|Any CPU
		{C27AA7D4-D89D-472E-BBB0-363CE56C7DE6}.Debug|Any CPU.ActiveCfg = Debug|Any CPU
		{C27AA7D4-D89D-472E-BBB0-363CE56C7DE6}.Debug|Any CPU.Build.0 = Debug|Any CPU
		{C27AA7D4-D89D-472E-BBB0-363CE56C7DE6}.Release|Any CPU.ActiveCfg = Release|Any CPU
		{C27AA7D4-D89D-472E-BBB0-363CE56C7DE6}.Release|Any CPU.Build.0 = Release|Any CPU
		{D760A129-BF6D-4F13-977A-56969E99D5AA}.Debug|Any CPU.ActiveCfg = Debug|Any CPU
		{D760A129-BF6D-4F13-977A-56969E99D5AA}.Debug|Any CPU.Build.0 = Debug|Any CPU
		{D760A129-BF6D-4F13-977A-56969E99D5AA}.Release|Any CPU.ActiveCfg = Release|Any CPU
		{D760A129-BF6D-4F13-977A-56969E99D5AA}.Release|Any CPU.Build.0 = Release|Any CPU
		{8BACFEBC-33A1-47FF-9BB6-518E8BF0D954}.Debug|Any CPU.ActiveCfg = Debug|Any CPU
		{8BACFEBC-33A1-47FF-9BB6-518E8BF0D954}.Debug|Any CPU.Build.0 = Debug|Any CPU
		{8BACFEBC-33A1-47FF-9BB6-518E8BF0D954}.Release|Any CPU.ActiveCfg = Release|Any CPU
		{8BACFEBC-33A1-47FF-9BB6-518E8BF0D954}.Release|Any CPU.Build.0 = Release|Any CPU
		{7B9C59FF-7107-48A8-A382-645A8D348095}.Debug|Any CPU.ActiveCfg = Debug|Any CPU
		{7B9C59FF-7107-48A8-A382-645A8D348095}.Debug|Any CPU.Build.0 = Debug|Any CPU
		{7B9C59FF-7107-48A8-A382-645A8D348095}.Release|Any CPU.ActiveCfg = Release|Any CPU
		{7B9C59FF-7107-48A8-A382-645A8D348095}.Release|Any CPU.Build.0 = Release|Any CPU
		{E3E25547-6EA3-4675-8316-311337837E07}.Debug|Any CPU.ActiveCfg = Debug|Any CPU
		{E3E25547-6EA3-4675-8316-311337837E07}.Debug|Any CPU.Build.0 = Debug|Any CPU
		{E3E25547-6EA3-4675-8316-311337837E07}.Release|Any CPU.ActiveCfg = Release|Any CPU
		{E3E25547-6EA3-4675-8316-311337837E07}.Release|Any CPU.Build.0 = Release|Any CPU
		{0F2B240F-2DC0-41C1-88BB-C5A9118A310B}.Debug|Any CPU.ActiveCfg = Debug|Any CPU
		{0F2B240F-2DC0-41C1-88BB-C5A9118A310B}.Debug|Any CPU.Build.0 = Debug|Any CPU
		{0F2B240F-2DC0-41C1-88BB-C5A9118A310B}.Release|Any CPU.ActiveCfg = Release|Any CPU
		{0F2B240F-2DC0-41C1-88BB-C5A9118A310B}.Release|Any CPU.Build.0 = Release|Any CPU
		{D4FD6D6A-FF78-4AC7-A3BC-756A1CCACEC9}.Debug|Any CPU.ActiveCfg = Debug|Any CPU
		{D4FD6D6A-FF78-4AC7-A3BC-756A1CCACEC9}.Debug|Any CPU.Build.0 = Debug|Any CPU
		{D4FD6D6A-FF78-4AC7-A3BC-756A1CCACEC9}.Release|Any CPU.ActiveCfg = Release|Any CPU
		{D4FD6D6A-FF78-4AC7-A3BC-756A1CCACEC9}.Release|Any CPU.Build.0 = Release|Any CPU
		{5848DBD7-79CA-4D81-91C4-814E23D66855}.Debug|Any CPU.ActiveCfg = Debug|Any CPU
		{5848DBD7-79CA-4D81-91C4-814E23D66855}.Debug|Any CPU.Build.0 = Debug|Any CPU
		{5848DBD7-79CA-4D81-91C4-814E23D66855}.Release|Any CPU.ActiveCfg = Release|Any CPU
		{5848DBD7-79CA-4D81-91C4-814E23D66855}.Release|Any CPU.Build.0 = Release|Any CPU
		{0F2BDA7C-68D3-4A8C-B018-2319D6CA5E65}.Debug|Any CPU.ActiveCfg = Debug|Any CPU
		{0F2BDA7C-68D3-4A8C-B018-2319D6CA5E65}.Debug|Any CPU.Build.0 = Debug|Any CPU
		{0F2BDA7C-68D3-4A8C-B018-2319D6CA5E65}.Release|Any CPU.ActiveCfg = Release|Any CPU
		{0F2BDA7C-68D3-4A8C-B018-2319D6CA5E65}.Release|Any CPU.Build.0 = Release|Any CPU
		{1C58D291-8D36-43C3-89DA-A2A6AA1D2218}.Debug|Any CPU.ActiveCfg = Debug|Any CPU
		{1C58D291-8D36-43C3-89DA-A2A6AA1D2218}.Debug|Any CPU.Build.0 = Debug|Any CPU
		{1C58D291-8D36-43C3-89DA-A2A6AA1D2218}.Release|Any CPU.ActiveCfg = Release|Any CPU
		{1C58D291-8D36-43C3-89DA-A2A6AA1D2218}.Release|Any CPU.Build.0 = Release|Any CPU
	EndGlobalSection
	GlobalSection(SolutionProperties) = preSolution
		HideSolutionNode = FALSE
	EndGlobalSection
	GlobalSection(NestedProjects) = preSolution
		{C7409CFF-A12E-44C2-9B6C-972EB96EE783} = {02EB8CC8-2B3E-4BCF-82DA-B928A3397831}
		{2E9110C3-D695-4AEA-B998-96B1F277A62C} = {02EB8CC8-2B3E-4BCF-82DA-B928A3397831}
		{B85F86D3-7B46-4925-B9BA-FAF6E4AC14CE} = {02EB8CC8-2B3E-4BCF-82DA-B928A3397831}
		{5F0A7947-E2AE-43E4-8CE4-CC2D117D4CA3} = {02EB8CC8-2B3E-4BCF-82DA-B928A3397831}
		{A3A360BB-83DC-4925-9A98-922976F4C0E0} = {02EB8CC8-2B3E-4BCF-82DA-B928A3397831}
		{D47752BF-9643-482F-8AAE-770B101B5017} = {FE874323-3F35-4A15-B8F2-C1B88098747D}
		{286DD293-15AD-4A66-82BA-EE6351BEB11C} = {FE874323-3F35-4A15-B8F2-C1B88098747D}
		{747C17B5-393B-4283-9F45-F1B312B41ABD} = {FE874323-3F35-4A15-B8F2-C1B88098747D}
		{7CECD41C-AD9B-4DD1-8423-FA89F9E1D2DA} = {FE874323-3F35-4A15-B8F2-C1B88098747D}
		{985F6ECC-C972-47DF-8BC3-FF7AC61A6C99} = {FE874323-3F35-4A15-B8F2-C1B88098747D}
		{44298A07-7584-4BDC-93B4-34543F180A16} = {FE874323-3F35-4A15-B8F2-C1B88098747D}
		{93ACF2E5-909E-4F20-B4EB-E080DFB75A8C} = {FE874323-3F35-4A15-B8F2-C1B88098747D}
		{403B6997-0144-43A7-8FE0-7EC5F911FDE7} = {FE874323-3F35-4A15-B8F2-C1B88098747D}
		{90B0BD19-A426-48BB-826F-5C277C2914CB} = {FE874323-3F35-4A15-B8F2-C1B88098747D}
		{2F57E678-10F1-473C-969E-E7CE08E49C0C} = {FE874323-3F35-4A15-B8F2-C1B88098747D}
		{D9B7F77F-5E9D-4D06-8397-2B8F8AEA3B90} = {2B258483-2D80-4962-9866-A33A3616E244}
		{C8E7CF4A-D49E-42C1-8083-E7C983A2041B} = {2B258483-2D80-4962-9866-A33A3616E244}
		{A15FB283-21FC-4D07-B057-6F2C5F90280E} = {2B258483-2D80-4962-9866-A33A3616E244}
		{0C1E4861-7361-48D4-8954-11E351AC2969} = {2B258483-2D80-4962-9866-A33A3616E244}
		{7B1BEB7E-7254-4031-B4CF-8A092EF3F0A9} = {2B258483-2D80-4962-9866-A33A3616E244}
		{37768628-80AB-432A-8FC8-064AD81B2BA4} = {2B258483-2D80-4962-9866-A33A3616E244}
		{07DBD77C-3021-4CCC-9BA9-1A883FCAACC4} = {2B258483-2D80-4962-9866-A33A3616E244}
		{0D7C86CB-0F90-4A97-B5B7-36FFC62F6BA5} = {2B258483-2D80-4962-9866-A33A3616E244}
		{5B5D81D6-92A7-49F3-B5D9-B5026A630C67} = {2B258483-2D80-4962-9866-A33A3616E244}
		{29793D33-4322-4C9B-89EF-F12CAC71E344} = {02EB8CC8-2B3E-4BCF-82DA-B928A3397831}
		{28E17E86-4404-4B93-9E51-24495E12EE97} = {4AC3728D-058F-4C85-B9A3-5D185FF48F4C}
		{40960AF9-CD8C-498A-9617-EB2E60139A56} = {4AC3728D-058F-4C85-B9A3-5D185FF48F4C}
		{5617A2B7-C42F-4CF7-B5B2-35DA5C5F6947} = {4AC3728D-058F-4C85-B9A3-5D185FF48F4C}
		{C27AA7D4-D89D-472E-BBB0-363CE56C7DE6} = {4AC3728D-058F-4C85-B9A3-5D185FF48F4C}
		{D760A129-BF6D-4F13-977A-56969E99D5AA} = {4AC3728D-058F-4C85-B9A3-5D185FF48F4C}
		{8BACFEBC-33A1-47FF-9BB6-518E8BF0D954} = {5B1595D5-758D-4B0A-A676-7407A6D5946B}
		{7B9C59FF-7107-48A8-A382-645A8D348095} = {5B1595D5-758D-4B0A-A676-7407A6D5946B}
		{E3E25547-6EA3-4675-8316-311337837E07} = {5B1595D5-758D-4B0A-A676-7407A6D5946B}
		{0F2B240F-2DC0-41C1-88BB-C5A9118A310B} = {5B1595D5-758D-4B0A-A676-7407A6D5946B}
		{D4FD6D6A-FF78-4AC7-A3BC-756A1CCACEC9} = {5B1595D5-758D-4B0A-A676-7407A6D5946B}
		{5848DBD7-79CA-4D81-91C4-814E23D66855} = {F9E96028-0312-4358-B48B-2A8AE3ABDCE2}
		{0F2BDA7C-68D3-4A8C-B018-2319D6CA5E65} = {F9E96028-0312-4358-B48B-2A8AE3ABDCE2}
		{1C58D291-8D36-43C3-89DA-A2A6AA1D2218} = {F9E96028-0312-4358-B48B-2A8AE3ABDCE2}
	EndGlobalSection
	GlobalSection(ExtensibilityGlobals) = postSolution
		SolutionGuid = {56B14F76-94C7-4C46-ABDB-9EFC0302483C}
	EndGlobalSection
EndGlobal
